
Microsoft Visual Studio Solution File, Format Version 12.00
# Visual Studio Version 16
VisualStudioVersion = 16.0.31229.75
MinimumVisualStudioVersion = 10.0.40219.1
Project("{2150E333-8FDC-42A3-9474-1A3956D46DE8}") = "Configuration", "Configuration", "{5FF50F38-EECF-4204-BECE-C7E29B450EF4}"
EndProject
Project("{2150E333-8FDC-42A3-9474-1A3956D46DE8}") = "Feature", "Feature", "{3EE34181-FBBD-454D-BCF8-0DBC24B1FC5C}"
EndProject
Project("{2150E333-8FDC-42A3-9474-1A3956D46DE8}") = "Foundation", "Foundation", "{E5A6C0F8-42D1-41E4-BF16-CA36EE4A32F3}"
EndProject
Project("{2150E333-8FDC-42A3-9474-1A3956D46DE8}") = "Project", "Project", "{E01DDB66-AFB7-4D50-A6D8-51E586A58BD2}"
EndProject
Project("{FAE04EC0-301F-11D3-BF4B-00C04F79EFBC}") = "Sitecore.Project.Pustaka", "Project\code\Sitecore.Project.Pustaka.csproj", "{579EE5B2-9645-44DA-8A84-8A727C54622F}"
EndProject
Project("{2150E333-8FDC-42A3-9474-1A3956D46DE8}") = "Serialization", "Serialization", "{D1703E54-E005-4D3C-8932-52850B2151B8}"
EndProject
Project("{FAE04EC0-301F-11D3-BF4B-00C04F79EFBC}") = "Foundation.Serialization", "Foundation\Serialization\code\Foundation.Serialization\Foundation.Serialization.csproj", "{94B8659D-207B-4914-8B6D-780165B07FEC}"
EndProject
Project("{2150E333-8FDC-42A3-9474-1A3956D46DE8}") = "BookStore", "BookStore", "{1E3B3EA6-BBCB-49AA-A5B2-CB6B7BE9B036}"
EndProject
Project("{FAE04EC0-301F-11D3-BF4B-00C04F79EFBC}") = "Sitecore.Feature.BooksDisplay", "Feature\code\Sitecore.Feature.BooksDisplay\Sitecore.Feature.BooksDisplay.csproj", "{EAEF0A8A-05E4-4F6E-AF4A-87493C8B6550}"
EndProject
Project("{2150E333-8FDC-42A3-9474-1A3956D46DE8}") = "Tenant", "Tenant", "{692728D4-A6B8-4102-9408-55EDBADD9AD1}"
EndProject
Project("{FAE04EC0-301F-11D3-BF4B-00C04F79EFBC}") = "Sitecore.Foundation.Tenant", "Foundation\Tenant\code\Sitecore.Foundation.Tenant\Sitecore.Foundation.Tenant.csproj", "{D9EB3E35-201B-4684-9A5B-31BD5B4E5C81}"
EndProject
Global
	GlobalSection(SolutionConfigurationPlatforms) = preSolution
		Debug|Any CPU = Debug|Any CPU
		Release|Any CPU = Release|Any CPU
	EndGlobalSection
	GlobalSection(ProjectConfigurationPlatforms) = postSolution
		{579EE5B2-9645-44DA-8A84-8A727C54622F}.Debug|Any CPU.ActiveCfg = Debug|Any CPU
		{579EE5B2-9645-44DA-8A84-8A727C54622F}.Debug|Any CPU.Build.0 = Debug|Any CPU
		{579EE5B2-9645-44DA-8A84-8A727C54622F}.Release|Any CPU.ActiveCfg = Release|Any CPU
		{579EE5B2-9645-44DA-8A84-8A727C54622F}.Release|Any CPU.Build.0 = Release|Any CPU
		{94B8659D-207B-4914-8B6D-780165B07FEC}.Debug|Any CPU.ActiveCfg = Debug|Any CPU
		{94B8659D-207B-4914-8B6D-780165B07FEC}.Debug|Any CPU.Build.0 = Debug|Any CPU
		{94B8659D-207B-4914-8B6D-780165B07FEC}.Release|Any CPU.ActiveCfg = Release|Any CPU
		{94B8659D-207B-4914-8B6D-780165B07FEC}.Release|Any CPU.Build.0 = Release|Any CPU
		{EAEF0A8A-05E4-4F6E-AF4A-87493C8B6550}.Debug|Any CPU.ActiveCfg = Debug|Any CPU
		{EAEF0A8A-05E4-4F6E-AF4A-87493C8B6550}.Debug|Any CPU.Build.0 = Debug|Any CPU
		{EAEF0A8A-05E4-4F6E-AF4A-87493C8B6550}.Release|Any CPU.ActiveCfg = Release|Any CPU
		{EAEF0A8A-05E4-4F6E-AF4A-87493C8B6550}.Release|Any CPU.Build.0 = Release|Any CPU
		{D9EB3E35-201B-4684-9A5B-31BD5B4E5C81}.Debug|Any CPU.ActiveCfg = Debug|Any CPU
		{D9EB3E35-201B-4684-9A5B-31BD5B4E5C81}.Debug|Any CPU.Build.0 = Debug|Any CPU
		{D9EB3E35-201B-4684-9A5B-31BD5B4E5C81}.Release|Any CPU.ActiveCfg = Release|Any CPU
		{D9EB3E35-201B-4684-9A5B-31BD5B4E5C81}.Release|Any CPU.Build.0 = Release|Any CPU
	EndGlobalSection
	GlobalSection(SolutionProperties) = preSolution
		HideSolutionNode = FALSE
	EndGlobalSection
	GlobalSection(NestedProjects) = preSolution
		{579EE5B2-9645-44DA-8A84-8A727C54622F} = {E01DDB66-AFB7-4D50-A6D8-51E586A58BD2}
		{D1703E54-E005-4D3C-8932-52850B2151B8} = {E5A6C0F8-42D1-41E4-BF16-CA36EE4A32F3}
		{94B8659D-207B-4914-8B6D-780165B07FEC} = {D1703E54-E005-4D3C-8932-52850B2151B8}
		{1E3B3EA6-BBCB-49AA-A5B2-CB6B7BE9B036} = {3EE34181-FBBD-454D-BCF8-0DBC24B1FC5C}
		{EAEF0A8A-05E4-4F6E-AF4A-87493C8B6550} = {1E3B3EA6-BBCB-49AA-A5B2-CB6B7BE9B036}
		{692728D4-A6B8-4102-9408-55EDBADD9AD1} = {E5A6C0F8-42D1-41E4-BF16-CA36EE4A32F3}
		{D9EB3E35-201B-4684-9A5B-31BD5B4E5C81} = {692728D4-A6B8-4102-9408-55EDBADD9AD1}
	EndGlobalSection
	GlobalSection(ExtensibilityGlobals) = postSolution
		SolutionGuid = {287AEB98-CB6C-4CAC-964E-C8CDD9E108B7}
	EndGlobalSection
EndGlobal
